{
  "version": 1,
  "dependencies": {
    "net8.0": {
      "Microsoft.Extensions.DependencyInjection": {
        "type": "Direct",
        "requested": "[8.0.0, )",
        "resolved": "8.0.0",
        "contentHash": "V8S3bsm50ig6JSyrbcJJ8bW2b9QLGouz+G1miK3UTaOWmMtFwNNNzUf4AleyDWUmTrWMLNnFSLEQtxmxgNQnNQ==",
        "dependencies": {
          "Microsoft.Extensions.DependencyInjection.Abstractions": "8.0.0"
        }
      },
      "Roslynator.Analyzers": {
        "type": "Direct",
        "requested": "[4.11.0, )",
        "resolved": "4.11.0",
        "contentHash": "gb8OEqxIlqaT2r/RjMltheNZJJ/f2jfjJXyI+5JwNZvXBgSNPEQa8JeMW4lXgDtOOSdzpGNpMSuPikYLzmEvCw=="
      },
      "Spectre.Console": {
        "type": "Direct",
        "requested": "[0.48.0, )",
        "resolved": "0.48.0",
        "contentHash": "4Mc1UT7Azgtyb8FyNwK5FZmoZbKuT5PmY7ZwaKUytjD5kGFMNBACpOZTwYtkuY377YkYtZYBeDDTJUwTW86QXw==",
        "dependencies": {
          "System.Memory": "4.5.5"
        }
      },
      "Spectre.Console.Cli": {
        "type": "Direct",
        "requested": "[0.48.0, )",
        "resolved": "0.48.0",
        "contentHash": "HNoDxAOTODQ9h+4K5Cs2caW8kIicRKw5SS4vgEEkJtnTp7/4XR8OIGvCjVi09w3m+xn4lTlkS0ENy2ktGz4HRw==",
        "dependencies": {
          "Spectre.Console": "0.48.0"
        }
      },
      "StyleCop.Analyzers": {
        "type": "Direct",
        "requested": "[1.2.0-beta.556, )",
        "resolved": "1.2.0-beta.556",
        "contentHash": "llRPgmA1fhC0I0QyFLEcjvtM2239QzKr/tcnbsjArLMJxJlu0AA5G7Fft0OI30pHF3MW63Gf4aSSsjc5m82J1Q==",
        "dependencies": {
          "StyleCop.Analyzers.Unstable": "1.2.0.556"
        }
      },
      "Microsoft.Extensions.DependencyInjection.Abstractions": {
        "type": "Transitive",
        "resolved": "8.0.0",
        "contentHash": "cjWrLkJXK0rs4zofsK4bSdg+jhDLTaxrkXu4gS6Y7MAlCvRyNNgwY/lJi5RDlQOnSZweHqoyvgvbdvQsRIW+hg=="
      },
      "StyleCop.Analyzers.Unstable": {
        "type": "Transitive",
        "resolved": "1.2.0.556",
        "contentHash": "zvn9Mqs/ox/83cpYPignI8hJEM2A93s2HkHs8HYMOAQW0PkampyoErAiIyKxgTLqbbad29HX/shv/6LGSjPJNQ=="
      },
      "System.Memory": {
        "type": "Transitive",
        "resolved": "4.5.5",
        "contentHash": "XIWiDvKPXaTveaB7HVganDlOCRoj03l+jrwNvcge/t8vhGYKvqV+dMv6G4SAX2NoNmN0wZfVPTAlFwZcZvVOUw=="
      }
    }
  }
}