
Microsoft Visual Studio Solution File, Format Version 12.00
# Visual Studio Version 17
VisualStudioVersion = 17.0.31903.59
MinimumVisualStudioVersion = 10.0.40219.1
Project("{FAE04EC0-301F-11D3-BF4B-00C04F79EFBC}") = "fences", "fences\fences.csproj", "{E1E1B24D-6095-476A-90B4-9DF416019536}"
EndProject
Project("{FAE04EC0-301F-11D3-BF4B-00C04F79EFBC}") = "fences.Tests", "fences.Tests\fences.Tests.csproj", "{16804615-6D97-4E7F-A946-E3DF551F955C}"
EndProject
Global
	GlobalSection(SolutionConfigurationPlatforms) = preSolution
		Debug|Any CPU = Debug|Any CPU
		Release|Any CPU = Release|Any CPU
	EndGlobalSection
	GlobalSection(SolutionProperties) = preSolution
		HideSolutionNode = FALSE
	EndGlobalSection
	GlobalSection(ProjectConfigurationPlatforms) = postSolution
		{E1E1B24D-6095-476A-90B4-9DF416019536}.Debug|Any CPU.ActiveCfg = Debug|Any CPU
		{E1E1B24D-6095-476A-90B4-9DF416019536}.Debug|Any CPU.Build.0 = Debug|Any CPU
		{E1E1B24D-6095-476A-90B4-9DF416019536}.Release|Any CPU.ActiveCfg = Release|Any CPU
		{E1E1B24D-6095-476A-90B4-9DF416019536}.Release|Any CPU.Build.0 = Release|Any CPU
		{16804615-6D97-4E7F-A946-E3DF551F955C}.Debug|Any CPU.ActiveCfg = Debug|Any CPU
		{16804615-6D97-4E7F-A946-E3DF551F955C}.Debug|Any CPU.Build.0 = Debug|Any CPU
		{16804615-6D97-4E7F-A946-E3DF551F955C}.Release|Any CPU.ActiveCfg = Release|Any CPU
		{16804615-6D97-4E7F-A946-E3DF551F955C}.Release|Any CPU.Build.0 = Release|Any CPU
	EndGlobalSection
EndGlobal
